{
    "version": 3,
    "terraform_version": "0.11.7",
    "serial": 25,
    "lineage": "068ac139-d300-1795-9412-88ed1e1d6fc0",
    "modules": [
        {
            "path": [
                "root"
            ],
            "outputs": {},
            "resources": {},
            "depends_on": []
        },
        {
            "path": [
                "root",
                "mysql_database"
            ],
            "outputs": {
                "address": {
                    "sensitive": false,
                    "type": "string",
                    "value": "terraform-20180604183846634700000001.cq2xexk7zodn.eu-central-1.rds.amazonaws.com"
                },
                "port": {
                    "sensitive": false,
                    "type": "string",
                    "value": "3306"
                }
            },
            "resources": {
                "aws_db_instance.example": {
                    "type": "aws_db_instance",
                    "depends_on": [],
                    "primary": {
                        "id": "terraform-20180604183846634700000001",
                        "attributes": {
                            "address": "terraform-20180604183846634700000001.cq2xexk7zodn.eu-central-1.rds.amazonaws.com",
                            "allocated_storage": "10",
                            "arn": "arn:aws:rds:eu-central-1:849685615151:db:terraform-20180604183846634700000001",
                            "auto_minor_version_upgrade": "true",
                            "availability_zone": "eu-central-1c",
                            "backup_retention_period": "0",
                            "backup_window": "23:04-23:34",
                            "ca_cert_identifier": "rds-ca-2015",
                            "copy_tags_to_snapshot": "false",
                            "db_subnet_group_name": "default",
                            "enabled_cloudwatch_logs_exports.#": "0",
                            "endpoint": "terraform-20180604183846634700000001.cq2xexk7zodn.eu-central-1.rds.amazonaws.com:3306",
                            "engine": "mysql",
                            "engine_version": "5.6.39",
                            "hosted_zone_id": "Z1RLNUO7B9Q6NB",
                            "iam_database_authentication_enabled": "false",
                            "id": "terraform-20180604183846634700000001",
                            "identifier": "terraform-20180604183846634700000001",
                            "instance_class": "db.t2.micro",
                            "iops": "0",
                            "kms_key_id": "",
                            "license_model": "general-public-license",
                            "maintenance_window": "sun:04:30-sun:05:00",
                            "monitoring_interval": "0",
                            "multi_az": "false",
                            "name": "webserver_mysql_UAT",
                            "option_group_name": "default:mysql-5-6",
                            "parameter_group_name": "default.mysql5.6",
                            "password": "Mai2018!",
                            "port": "3306",
                            "publicly_accessible": "false",
                            "replicas.#": "0",
                            "replicate_source_db": "",
                            "resource_id": "db-B5IQ2Q6Z26UPN3CRMZDJMMQDQI",
                            "security_group_names.#": "0",
                            "skip_final_snapshot": "true",
                            "status": "available",
                            "storage_encrypted": "false",
                            "storage_type": "standard",
                            "tags.%": "0",
                            "timezone": "",
                            "username": "admin",
                            "vpc_security_group_ids.#": "1",
                            "vpc_security_group_ids.1335004486": "sg-20c6f44d"
                        },
                        "meta": {
                            "e2bfb730-ecaa-11e6-8f88-34363bc7c4c0": {
                                "create": 2400000000000,
                                "delete": 2400000000000,
                                "update": 4800000000000
                            }
                        },
                        "tainted": false
                    },
                    "deposed": [],
                    "provider": "provider.aws"
                },
                "data.terraform_remote_state.db": {
                    "type": "terraform_remote_state",
                    "depends_on": [],
                    "primary": {
                        "id": "2018-06-04 18:38:36.95872173 +0000 UTC",
                        "attributes": {
                            "backend": "s3",
                            "config.%": "3",
                            "config.bucket": "chk-terraform-test",
                            "config.key": "stage/data-stores/mysql/terraform.tfstate",
                            "config.region": "eu-central-1",
                            "environment": "default",
                            "id": "2018-06-04 18:38:36.95872173 +0000 UTC",
                            "workspace": "default"
                        },
                        "meta": {},
                        "tainted": false
                    },
                    "deposed": [],
                    "provider": "provider.terraform"
                }
            },
            "depends_on": []
        }
    ]
}
